
Microsoft Visual Studio Solution File, Format Version 12.00
# Visual Studio Version 16
VisualStudioVersion = 16.0.30611.23
MinimumVisualStudioVersion = 10.0.40219.1
Project("{FAE04EC0-301F-11D3-BF4B-00C04F79EFBC}") = "doNet5781_00_4625_0728", "doNet5781_00_4625_0728\doNet5781_00_4625_0728.csproj", "{59ABA51E-855C-4553-8DDF-4AB171646A67}"
EndProject
Global
	GlobalSection(SolutionConfigurationPlatforms) = preSolution
		Debug|Any CPU = Debug|Any CPU
		Release|Any CPU = Release|Any CPU
	EndGlobalSection
	GlobalSection(ProjectConfigurationPlatforms) = postSolution
		{59ABA51E-855C-4553-8DDF-4AB171646A67}.Debug|Any CPU.ActiveCfg = Debug|Any CPU
		{59ABA51E-855C-4553-8DDF-4AB171646A67}.Debug|Any CPU.Build.0 = Debug|Any CPU
		{59ABA51E-855C-4553-8DDF-4AB171646A67}.Release|Any CPU.ActiveCfg = Release|Any CPU
		{59ABA51E-855C-4553-8DDF-4AB171646A67}.Release|Any CPU.Build.0 = Release|Any CPU
	EndGlobalSection
	GlobalSection(SolutionProperties) = preSolution
		HideSolutionNode = FALSE
	EndGlobalSection
	GlobalSection(ExtensibilityGlobals) = postSolution
		SolutionGuid = {49B3FB53-CFB1-4F6E-B29A-6357DA4C1100}
	EndGlobalSection
EndGlobal
