
Microsoft Visual Studio Solution File, Format Version 12.00
# Visual Studio Version 16
VisualStudioVersion = 16.0.30611.23
MinimumVisualStudioVersion = 10.0.40219.1
Project("{FAE04EC0-301F-11D3-BF4B-00C04F79EFBC}") = "dotNet5781_00_4625_0728", "doNet5781_00_4625_0728\dotNet5781_00_4625_0728.csproj", "{59ABA51E-855C-4553-8DDF-4AB171646A67}"
EndProject
Project("{FAE04EC0-301F-11D3-BF4B-00C04F79EFBC}") = "dotNet5781_01_4625_0728", "Targil 01\dotNet5781_01_4625_0728.csproj", "{2992EA7D-0780-4B55-AD1D-A67DE28C0D85}"
EndProject
Project("{FAE04EC0-301F-11D3-BF4B-00C04F79EFBC}") = "Project", "Project\Project\Project.csproj", "{2FD98C75-84CA-4434-9229-A01743A87CE6}"
EndProject
Project("{FAE04EC0-301F-11D3-BF4B-00C04F79EFBC}") = "PL", "Project\PL\PL.csproj", "{DD90DC1B-08FF-44EC-BF31-C87C5A699E72}"
EndProject
Project("{FAE04EC0-301F-11D3-BF4B-00C04F79EFBC}") = "DalObject", "Project\DalObject\DalObject.csproj", "{C0008077-006F-4FA0-8EE9-76B175FB08EB}"
EndProject
Project("{FAE04EC0-301F-11D3-BF4B-00C04F79EFBC}") = "DLAPI", "Project\DAL\DLAPI.csproj", "{8AB13EBB-897A-4830-9EEF-5E134801397F}"
EndProject
Project("{FAE04EC0-301F-11D3-BF4B-00C04F79EFBC}") = "BL", "Project\BL\BL.csproj", "{0115863D-E397-46FB-9A14-8C5A777A0EA1}"
EndProject
Project("{FAE04EC0-301F-11D3-BF4B-00C04F79EFBC}") = "DS", "Project\BE\DS.csproj", "{FC1AB4F6-AEC8-47D2-B4CE-1E618A2621AC}"
EndProject
Global
	GlobalSection(SolutionConfigurationPlatforms) = preSolution
		Debug|Any CPU = Debug|Any CPU
		Release|Any CPU = Release|Any CPU
	EndGlobalSection
	GlobalSection(ProjectConfigurationPlatforms) = postSolution
		{59ABA51E-855C-4553-8DDF-4AB171646A67}.Debug|Any CPU.ActiveCfg = Debug|Any CPU
		{59ABA51E-855C-4553-8DDF-4AB171646A67}.Debug|Any CPU.Build.0 = Debug|Any CPU
		{59ABA51E-855C-4553-8DDF-4AB171646A67}.Release|Any CPU.ActiveCfg = Release|Any CPU
		{59ABA51E-855C-4553-8DDF-4AB171646A67}.Release|Any CPU.Build.0 = Release|Any CPU
		{2992EA7D-0780-4B55-AD1D-A67DE28C0D85}.Debug|Any CPU.ActiveCfg = Debug|Any CPU
		{2992EA7D-0780-4B55-AD1D-A67DE28C0D85}.Debug|Any CPU.Build.0 = Debug|Any CPU
		{2992EA7D-0780-4B55-AD1D-A67DE28C0D85}.Release|Any CPU.ActiveCfg = Release|Any CPU
		{2992EA7D-0780-4B55-AD1D-A67DE28C0D85}.Release|Any CPU.Build.0 = Release|Any CPU
		{2FD98C75-84CA-4434-9229-A01743A87CE6}.Debug|Any CPU.ActiveCfg = Debug|Any CPU
		{2FD98C75-84CA-4434-9229-A01743A87CE6}.Debug|Any CPU.Build.0 = Debug|Any CPU
		{2FD98C75-84CA-4434-9229-A01743A87CE6}.Release|Any CPU.ActiveCfg = Release|Any CPU
		{2FD98C75-84CA-4434-9229-A01743A87CE6}.Release|Any CPU.Build.0 = Release|Any CPU
		{DD90DC1B-08FF-44EC-BF31-C87C5A699E72}.Debug|Any CPU.ActiveCfg = Debug|Any CPU
		{DD90DC1B-08FF-44EC-BF31-C87C5A699E72}.Debug|Any CPU.Build.0 = Debug|Any CPU
		{DD90DC1B-08FF-44EC-BF31-C87C5A699E72}.Release|Any CPU.ActiveCfg = Release|Any CPU
		{DD90DC1B-08FF-44EC-BF31-C87C5A699E72}.Release|Any CPU.Build.0 = Release|Any CPU
		{C0008077-006F-4FA0-8EE9-76B175FB08EB}.Debug|Any CPU.ActiveCfg = Debug|Any CPU
		{C0008077-006F-4FA0-8EE9-76B175FB08EB}.Debug|Any CPU.Build.0 = Debug|Any CPU
		{C0008077-006F-4FA0-8EE9-76B175FB08EB}.Release|Any CPU.ActiveCfg = Release|Any CPU
		{C0008077-006F-4FA0-8EE9-76B175FB08EB}.Release|Any CPU.Build.0 = Release|Any CPU
		{8AB13EBB-897A-4830-9EEF-5E134801397F}.Debug|Any CPU.ActiveCfg = Debug|Any CPU
		{8AB13EBB-897A-4830-9EEF-5E134801397F}.Debug|Any CPU.Build.0 = Debug|Any CPU
		{8AB13EBB-897A-4830-9EEF-5E134801397F}.Release|Any CPU.ActiveCfg = Release|Any CPU
		{8AB13EBB-897A-4830-9EEF-5E134801397F}.Release|Any CPU.Build.0 = Release|Any CPU
		{0115863D-E397-46FB-9A14-8C5A777A0EA1}.Debug|Any CPU.ActiveCfg = Debug|Any CPU
		{0115863D-E397-46FB-9A14-8C5A777A0EA1}.Debug|Any CPU.Build.0 = Debug|Any CPU
		{0115863D-E397-46FB-9A14-8C5A777A0EA1}.Release|Any CPU.ActiveCfg = Release|Any CPU
		{0115863D-E397-46FB-9A14-8C5A777A0EA1}.Release|Any CPU.Build.0 = Release|Any CPU
		{FC1AB4F6-AEC8-47D2-B4CE-1E618A2621AC}.Debug|Any CPU.ActiveCfg = Debug|Any CPU
		{FC1AB4F6-AEC8-47D2-B4CE-1E618A2621AC}.Debug|Any CPU.Build.0 = Debug|Any CPU
		{FC1AB4F6-AEC8-47D2-B4CE-1E618A2621AC}.Release|Any CPU.ActiveCfg = Release|Any CPU
		{FC1AB4F6-AEC8-47D2-B4CE-1E618A2621AC}.Release|Any CPU.Build.0 = Release|Any CPU
	EndGlobalSection
	GlobalSection(SolutionProperties) = preSolution
		HideSolutionNode = FALSE
	EndGlobalSection
	GlobalSection(ExtensibilityGlobals) = postSolution
		SolutionGuid = {49B3FB53-CFB1-4F6E-B29A-6357DA4C1100}
	EndGlobalSection
EndGlobal
