
Microsoft Visual Studio Solution File, Format Version 12.00
# Visual Studio Version 16
VisualStudioVersion = 16.0.30711.63
MinimumVisualStudioVersion = 10.0.40219.1
Project("{FAE04EC0-301F-11D3-BF4B-00C04F79EFBC}") = "dotNet5781_03A_4625_0728", "dotNet5781_03A_4625_0728.csproj", "{AAF00DAB-A8A1-4A23-8E89-0CEA383EFEBB}"
EndProject
Global
	GlobalSection(SolutionConfigurationPlatforms) = preSolution
		Debug|Any CPU = Debug|Any CPU
		Release|Any CPU = Release|Any CPU
	EndGlobalSection
	GlobalSection(ProjectConfigurationPlatforms) = postSolution
		{AAF00DAB-A8A1-4A23-8E89-0CEA383EFEBB}.Debug|Any CPU.ActiveCfg = Debug|Any CPU
		{AAF00DAB-A8A1-4A23-8E89-0CEA383EFEBB}.Debug|Any CPU.Build.0 = Debug|Any CPU
		{AAF00DAB-A8A1-4A23-8E89-0CEA383EFEBB}.Release|Any CPU.ActiveCfg = Release|Any CPU
		{AAF00DAB-A8A1-4A23-8E89-0CEA383EFEBB}.Release|Any CPU.Build.0 = Release|Any CPU
	EndGlobalSection
	GlobalSection(SolutionProperties) = preSolution
		HideSolutionNode = FALSE
	EndGlobalSection
	GlobalSection(ExtensibilityGlobals) = postSolution
		SolutionGuid = {4AE77169-A989-4417-8B73-1176B15EAB0A}
	EndGlobalSection
EndGlobal
