
Microsoft Visual Studio Solution File, Format Version 12.00
# Visual Studio Version 16
VisualStudioVersion = 16.0.30711.63
MinimumVisualStudioVersion = 10.0.40219.1
Project("{FAE04EC0-301F-11D3-BF4B-00C04F79EFBC}") = "BL", "BL\BL.csproj", "{0115863D-E397-46FB-9A14-8C5A777A0EA1}"
EndProject
Project("{FAE04EC0-301F-11D3-BF4B-00C04F79EFBC}") = "DLAPI", "DAL\DLAPI.csproj", "{8AB13EBB-897A-4830-9EEF-5E134801397F}"
EndProject
Project("{FAE04EC0-301F-11D3-BF4B-00C04F79EFBC}") = "DS", "BE\DS.csproj", "{FC1AB4F6-AEC8-47D2-B4CE-1E618A2621AC}"
EndProject
Project("{FAE04EC0-301F-11D3-BF4B-00C04F79EFBC}") = "PL", "PL\PL.csproj", "{DD90DC1B-08FF-44EC-BF31-C87C5A699E72}"
EndProject
Project("{FAE04EC0-301F-11D3-BF4B-00C04F79EFBC}") = "DLObject", "DalObject\DLObject.csproj", "{C0008077-006F-4FA0-8EE9-76B175FB08EB}"
EndProject
Project("{FAE04EC0-301F-11D3-BF4B-00C04F79EFBC}") = "dotNet5781_03A_4625_0728", "..\dotNet5781_03A_4625_0728\dotNet5781_03A_4625_0728.csproj", "{AAF00DAB-A8A1-4A23-8E89-0CEA383EFEBB}"
EndProject
Global
	GlobalSection(SolutionConfigurationPlatforms) = preSolution
		Debug|Any CPU = Debug|Any CPU
		Release|Any CPU = Release|Any CPU
	EndGlobalSection
	GlobalSection(ProjectConfigurationPlatforms) = postSolution
		{0115863D-E397-46FB-9A14-8C5A777A0EA1}.Debug|Any CPU.ActiveCfg = Debug|Any CPU
		{0115863D-E397-46FB-9A14-8C5A777A0EA1}.Debug|Any CPU.Build.0 = Debug|Any CPU
		{0115863D-E397-46FB-9A14-8C5A777A0EA1}.Release|Any CPU.ActiveCfg = Release|Any CPU
		{0115863D-E397-46FB-9A14-8C5A777A0EA1}.Release|Any CPU.Build.0 = Release|Any CPU
		{8AB13EBB-897A-4830-9EEF-5E134801397F}.Debug|Any CPU.ActiveCfg = Debug|Any CPU
		{8AB13EBB-897A-4830-9EEF-5E134801397F}.Debug|Any CPU.Build.0 = Debug|Any CPU
		{8AB13EBB-897A-4830-9EEF-5E134801397F}.Release|Any CPU.ActiveCfg = Release|Any CPU
		{8AB13EBB-897A-4830-9EEF-5E134801397F}.Release|Any CPU.Build.0 = Release|Any CPU
		{FC1AB4F6-AEC8-47D2-B4CE-1E618A2621AC}.Debug|Any CPU.ActiveCfg = Debug|Any CPU
		{FC1AB4F6-AEC8-47D2-B4CE-1E618A2621AC}.Debug|Any CPU.Build.0 = Debug|Any CPU
		{FC1AB4F6-AEC8-47D2-B4CE-1E618A2621AC}.Release|Any CPU.ActiveCfg = Release|Any CPU
		{FC1AB4F6-AEC8-47D2-B4CE-1E618A2621AC}.Release|Any CPU.Build.0 = Release|Any CPU
		{DD90DC1B-08FF-44EC-BF31-C87C5A699E72}.Debug|Any CPU.ActiveCfg = Debug|Any CPU
		{DD90DC1B-08FF-44EC-BF31-C87C5A699E72}.Debug|Any CPU.Build.0 = Debug|Any CPU
		{DD90DC1B-08FF-44EC-BF31-C87C5A699E72}.Release|Any CPU.ActiveCfg = Release|Any CPU
		{DD90DC1B-08FF-44EC-BF31-C87C5A699E72}.Release|Any CPU.Build.0 = Release|Any CPU
		{C0008077-006F-4FA0-8EE9-76B175FB08EB}.Debug|Any CPU.ActiveCfg = Debug|Any CPU
		{C0008077-006F-4FA0-8EE9-76B175FB08EB}.Debug|Any CPU.Build.0 = Debug|Any CPU
		{C0008077-006F-4FA0-8EE9-76B175FB08EB}.Release|Any CPU.ActiveCfg = Release|Any CPU
		{C0008077-006F-4FA0-8EE9-76B175FB08EB}.Release|Any CPU.Build.0 = Release|Any CPU
		{AAF00DAB-A8A1-4A23-8E89-0CEA383EFEBB}.Debug|Any CPU.ActiveCfg = Debug|Any CPU
		{AAF00DAB-A8A1-4A23-8E89-0CEA383EFEBB}.Debug|Any CPU.Build.0 = Debug|Any CPU
		{AAF00DAB-A8A1-4A23-8E89-0CEA383EFEBB}.Release|Any CPU.ActiveCfg = Release|Any CPU
		{AAF00DAB-A8A1-4A23-8E89-0CEA383EFEBB}.Release|Any CPU.Build.0 = Release|Any CPU
	EndGlobalSection
	GlobalSection(SolutionProperties) = preSolution
		HideSolutionNode = FALSE
	EndGlobalSection
	GlobalSection(ExtensibilityGlobals) = postSolution
		SolutionGuid = {0C5F2060-F7AA-454F-B2B9-8FAA2E4E19A1}
	EndGlobalSection
EndGlobal
