
Microsoft Visual Studio Solution File, Format Version 12.00
# Visual Studio Version 16
VisualStudioVersion = 16.0.30711.63
MinimumVisualStudioVersion = 10.0.40219.1
Project("{FAE04EC0-301F-11D3-BF4B-00C04F79EFBC}") = "dotNet5781_01_4625_0728", "dotNet5781_01_4625_0728.csproj", "{2992EA7D-0780-4B55-AD1D-A67DE28C0D85}"
EndProject
Project("{FAE04EC0-301F-11D3-BF4B-00C04F79EFBC}") = "dotNet5781_03b_4625_0728", "..\dotnet5781_03B_4625_0728\dotNet5781_03b_4625_0728.csproj", "{ED6202F4-37C0-4B0C-B1AA-B17F3D21E9FA}"
EndProject
Global
	GlobalSection(SolutionConfigurationPlatforms) = preSolution
		Debug|Any CPU = Debug|Any CPU
		Release|Any CPU = Release|Any CPU
	EndGlobalSection
	GlobalSection(ProjectConfigurationPlatforms) = postSolution
		{2992EA7D-0780-4B55-AD1D-A67DE28C0D85}.Debug|Any CPU.ActiveCfg = Debug|Any CPU
		{2992EA7D-0780-4B55-AD1D-A67DE28C0D85}.Debug|Any CPU.Build.0 = Debug|Any CPU
		{2992EA7D-0780-4B55-AD1D-A67DE28C0D85}.Release|Any CPU.ActiveCfg = Release|Any CPU
		{2992EA7D-0780-4B55-AD1D-A67DE28C0D85}.Release|Any CPU.Build.0 = Release|Any CPU
		{ED6202F4-37C0-4B0C-B1AA-B17F3D21E9FA}.Debug|Any CPU.ActiveCfg = Debug|Any CPU
		{ED6202F4-37C0-4B0C-B1AA-B17F3D21E9FA}.Debug|Any CPU.Build.0 = Debug|Any CPU
		{ED6202F4-37C0-4B0C-B1AA-B17F3D21E9FA}.Release|Any CPU.ActiveCfg = Release|Any CPU
		{ED6202F4-37C0-4B0C-B1AA-B17F3D21E9FA}.Release|Any CPU.Build.0 = Release|Any CPU
	EndGlobalSection
	GlobalSection(SolutionProperties) = preSolution
		HideSolutionNode = FALSE
	EndGlobalSection
	GlobalSection(ExtensibilityGlobals) = postSolution
		SolutionGuid = {0DBAD3FC-06DE-443D-AF49-B5CCED78003E}
	EndGlobalSection
EndGlobal
